// !$*UTF8*$!
{
	archiveVersion = 1;
	classes = {
	};
	objectVersion = 56;
	objects = {

/* Begin PBXBuildFile section */
		9C07F528291AE46E00A3EF2A /* BinersDetectorApp.swift in Sources */ = {isa = PBXBuildFile; fileRef = 9C07F527291AE46E00A3EF2A /* BinersDetectorApp.swift */; };
		9C07F52A291AE46E00A3EF2A /* ContentView.swift in Sources */ = {isa = PBXBuildFile; fileRef = 9C07F529291AE46E00A3EF2A /* ContentView.swift */; };
		9C07F52C291AE46F00A3EF2A /* Assets.xcassets in Resources */ = {isa = PBXBuildFile; fileRef = 9C07F52B291AE46F00A3EF2A /* Assets.xcassets */; };
		9C07F52F291AE46F00A3EF2A /* Preview Assets.xcassets in Resources */ = {isa = PBXBuildFile; fileRef = 9C07F52E291AE46F00A3EF2A /* Preview Assets.xcassets */; };
		9C07F539291AE47000A3EF2A /* BinersDetectorTests.swift in Sources */ = {isa = PBXBuildFile; fileRef = 9C07F538291AE47000A3EF2A /* BinersDetectorTests.swift */; };
		9C07F543291AE47000A3EF2A /* BinersDetectorUITests.swift in Sources */ = {isa = PBXBuildFile; fileRef = 9C07F542291AE47000A3EF2A /* BinersDetectorUITests.swift */; };
		9C07F545291AE47000A3EF2A /* BinersDetectorUITestsLaunchTests.swift in Sources */ = {isa = PBXBuildFile; fileRef = 9C07F544291AE47000A3EF2A /* BinersDetectorUITestsLaunchTests.swift */; };
		9CD40447291AEDBB002A843F /* ImagePicker.swift in Sources */ = {isa = PBXBuildFile; fileRef = 9CD40446291AEDBB002A843F /* ImagePicker.swift */; };
		9CD4044A291B9AE5002A843F /* Biner.swift in Sources */ = {isa = PBXBuildFile; fileRef = 9CD40449291B9AE5002A843F /* Biner.swift */; };
		9CD4044C291B9DFE002A843F /* BinerType.swift in Sources */ = {isa = PBXBuildFile; fileRef = 9CD4044B291B9DFE002A843F /* BinerType.swift */; };
		9CD4044F291B9F47002A843F /* BinerDetailsView.swift in Sources */ = {isa = PBXBuildFile; fileRef = 9CD4044E291B9F47002A843F /* BinerDetailsView.swift */; };
		9CD40451291B9FF8002A843F /* Text+Extension.swift in Sources */ = {isa = PBXBuildFile; fileRef = 9CD40450291B9FF8002A843F /* Text+Extension.swift */; };
		9CD40453291BA9B6002A843F /* AppButton.swift in Sources */ = {isa = PBXBuildFile; fileRef = 9CD40452291BA9B6002A843F /* AppButton.swift */; };
		9CD40455291BB89E002A843F /* ReportWrongClasificationView.swift in Sources */ = {isa = PBXBuildFile; fileRef = 9CD40454291BB89E002A843F /* ReportWrongClasificationView.swift */; };
		9CD4046129210203002A843F /* biners_MobileNetV2.mlmodel in Sources */ = {isa = PBXBuildFile; fileRef = 9CD4046029210203002A843F /* biners_MobileNetV2.mlmodel */; };
		9CD4046329210392002A843F /* ClassifierManager.swift in Sources */ = {isa = PBXBuildFile; fileRef = 9CD4046229210392002A843F /* ClassifierManager.swift */; };
		9CD4046529210C1C002A843F /* biners_MobileNetV2_1.mlmodel in Sources */ = {isa = PBXBuildFile; fileRef = 9CD4046429210C1C002A843F /* biners_MobileNetV2_1.mlmodel */; };
		9CD4046729210F16002A843F /* UIImage+Extension.swift in Sources */ = {isa = PBXBuildFile; fileRef = 9CD4046629210F16002A843F /* UIImage+Extension.swift */; };
		9CD4046929211AFD002A843F /* CGImage+CVPixelBuffer.swift in Sources */ = {isa = PBXBuildFile; fileRef = 9CD4046829211AFD002A843F /* CGImage+CVPixelBuffer.swift */; };
/* End PBXBuildFile section */

/* Begin PBXContainerItemProxy section */
		9C07F535291AE47000A3EF2A /* PBXContainerItemProxy */ = {
			isa = PBXContainerItemProxy;
			containerPortal = 9C07F51C291AE46E00A3EF2A /* Project object */;
			proxyType = 1;
			remoteGlobalIDString = 9C07F523291AE46E00A3EF2A;
			remoteInfo = BinersDetector;
		};
		9C07F53F291AE47000A3EF2A /* PBXContainerItemProxy */ = {
			isa = PBXContainerItemProxy;
			containerPortal = 9C07F51C291AE46E00A3EF2A /* Project object */;
			proxyType = 1;
			remoteGlobalIDString = 9C07F523291AE46E00A3EF2A;
			remoteInfo = BinersDetector;
		};
/* End PBXContainerItemProxy section */

/* Begin PBXFileReference section */
		9C07F524291AE46E00A3EF2A /* BinersDetector.app */ = {isa = PBXFileReference; explicitFileType = wrapper.application; includeInIndex = 0; path = BinersDetector.app; sourceTree = BUILT_PRODUCTS_DIR; };
		9C07F527291AE46E00A3EF2A /* BinersDetectorApp.swift */ = {isa = PBXFileReference; lastKnownFileType = sourcecode.swift; path = BinersDetectorApp.swift; sourceTree = "<group>"; };
		9C07F529291AE46E00A3EF2A /* ContentView.swift */ = {isa = PBXFileReference; lastKnownFileType = sourcecode.swift; path = ContentView.swift; sourceTree = "<group>"; };
		9C07F52B291AE46F00A3EF2A /* Assets.xcassets */ = {isa = PBXFileReference; lastKnownFileType = folder.assetcatalog; path = Assets.xcassets; sourceTree = "<group>"; };
		9C07F52E291AE46F00A3EF2A /* Preview Assets.xcassets */ = {isa = PBXFileReference; lastKnownFileType = folder.assetcatalog; path = "Preview Assets.xcassets"; sourceTree = "<group>"; };
		9C07F534291AE47000A3EF2A /* BinersDetectorTests.xctest */ = {isa = PBXFileReference; explicitFileType = wrapper.cfbundle; includeInIndex = 0; path = BinersDetectorTests.xctest; sourceTree = BUILT_PRODUCTS_DIR; };
		9C07F538291AE47000A3EF2A /* BinersDetectorTests.swift */ = {isa = PBXFileReference; lastKnownFileType = sourcecode.swift; path = BinersDetectorTests.swift; sourceTree = "<group>"; };
		9C07F53E291AE47000A3EF2A /* BinersDetectorUITests.xctest */ = {isa = PBXFileReference; explicitFileType = wrapper.cfbundle; includeInIndex = 0; path = BinersDetectorUITests.xctest; sourceTree = BUILT_PRODUCTS_DIR; };
		9C07F542291AE47000A3EF2A /* BinersDetectorUITests.swift */ = {isa = PBXFileReference; lastKnownFileType = sourcecode.swift; path = BinersDetectorUITests.swift; sourceTree = "<group>"; };
		9C07F544291AE47000A3EF2A /* BinersDetectorUITestsLaunchTests.swift */ = {isa = PBXFileReference; lastKnownFileType = sourcecode.swift; path = BinersDetectorUITestsLaunchTests.swift; sourceTree = "<group>"; };
		9CD40446291AEDBB002A843F /* ImagePicker.swift */ = {isa = PBXFileReference; lastKnownFileType = sourcecode.swift; path = ImagePicker.swift; sourceTree = "<group>"; };
		9CD40449291B9AE5002A843F /* Biner.swift */ = {isa = PBXFileReference; lastKnownFileType = sourcecode.swift; path = Biner.swift; sourceTree = "<group>"; };
		9CD4044B291B9DFE002A843F /* BinerType.swift */ = {isa = PBXFileReference; lastKnownFileType = sourcecode.swift; path = BinerType.swift; sourceTree = "<group>"; };
		9CD4044E291B9F47002A843F /* BinerDetailsView.swift */ = {isa = PBXFileReference; lastKnownFileType = sourcecode.swift; path = BinerDetailsView.swift; sourceTree = "<group>"; };
		9CD40450291B9FF8002A843F /* Text+Extension.swift */ = {isa = PBXFileReference; lastKnownFileType = sourcecode.swift; path = "Text+Extension.swift"; sourceTree = "<group>"; };
		9CD40452291BA9B6002A843F /* AppButton.swift */ = {isa = PBXFileReference; lastKnownFileType = sourcecode.swift; path = AppButton.swift; sourceTree = "<group>"; };
		9CD40454291BB89E002A843F /* ReportWrongClasificationView.swift */ = {isa = PBXFileReference; lastKnownFileType = sourcecode.swift; path = ReportWrongClasificationView.swift; sourceTree = "<group>"; };
		9CD4046029210203002A843F /* biners_MobileNetV2.mlmodel */ = {isa = PBXFileReference; lastKnownFileType = file.mlmodel; path = biners_MobileNetV2.mlmodel; sourceTree = "<group>"; };
		9CD4046229210392002A843F /* ClassifierManager.swift */ = {isa = PBXFileReference; lastKnownFileType = sourcecode.swift; path = ClassifierManager.swift; sourceTree = "<group>"; };
		9CD4046429210C1C002A843F /* biners_MobileNetV2_1.mlmodel */ = {isa = PBXFileReference; lastKnownFileType = file.mlmodel; path = biners_MobileNetV2_1.mlmodel; sourceTree = "<group>"; };
		9CD4046629210F16002A843F /* UIImage+Extension.swift */ = {isa = PBXFileReference; lastKnownFileType = sourcecode.swift; path = "UIImage+Extension.swift"; sourceTree = "<group>"; };
		9CD4046829211AFD002A843F /* CGImage+CVPixelBuffer.swift */ = {isa = PBXFileReference; lastKnownFileType = sourcecode.swift; path = "CGImage+CVPixelBuffer.swift"; sourceTree = "<group>"; };
/* End PBXFileReference section */

/* Begin PBXFrameworksBuildPhase section */
		9C07F521291AE46E00A3EF2A /* Frameworks */ = {
			isa = PBXFrameworksBuildPhase;
			buildActionMask = 2147483647;
			files = (
			);
			runOnlyForDeploymentPostprocessing = 0;
		};
		9C07F531291AE47000A3EF2A /* Frameworks */ = {
			isa = PBXFrameworksBuildPhase;
			buildActionMask = 2147483647;
			files = (
			);
			runOnlyForDeploymentPostprocessing = 0;
		};
		9C07F53B291AE47000A3EF2A /* Frameworks */ = {
			isa = PBXFrameworksBuildPhase;
			buildActionMask = 2147483647;
			files = (
			);
			runOnlyForDeploymentPostprocessing = 0;
		};
/* End PBXFrameworksBuildPhase section */

/* Begin PBXGroup section */
		9C07F51B291AE46E00A3EF2A = {
			isa = PBXGroup;
			children = (
				9C07F526291AE46E00A3EF2A /* BinersDetector */,
				9C07F537291AE47000A3EF2A /* BinersDetectorTests */,
				9C07F541291AE47000A3EF2A /* BinersDetectorUITests */,
				9C07F525291AE46E00A3EF2A /* Products */,
			);
			sourceTree = "<group>";
		};
		9C07F525291AE46E00A3EF2A /* Products */ = {
			isa = PBXGroup;
			children = (
				9C07F524291AE46E00A3EF2A /* BinersDetector.app */,
				9C07F534291AE47000A3EF2A /* BinersDetectorTests.xctest */,
				9C07F53E291AE47000A3EF2A /* BinersDetectorUITests.xctest */,
			);
			name = Products;
			sourceTree = "<group>";
		};
		9C07F526291AE46E00A3EF2A /* BinersDetector */ = {
			isa = PBXGroup;
			children = (
				9CD40456291D89DA002A843F /* AI model */,
				9CD4044D291B9F2E002A843F /* Views */,
				9CD40448291B9AD2002A843F /* Model */,
				9C07F527291AE46E00A3EF2A /* BinersDetectorApp.swift */,
				9C07F529291AE46E00A3EF2A /* ContentView.swift */,
				9C07F52B291AE46F00A3EF2A /* Assets.xcassets */,
				9C07F52D291AE46F00A3EF2A /* Preview Content */,
			);
			path = BinersDetector;
			sourceTree = "<group>";
		};
		9C07F52D291AE46F00A3EF2A /* Preview Content */ = {
			isa = PBXGroup;
			children = (
				9C07F52E291AE46F00A3EF2A /* Preview Assets.xcassets */,
			);
			path = "Preview Content";
			sourceTree = "<group>";
		};
		9C07F537291AE47000A3EF2A /* BinersDetectorTests */ = {
			isa = PBXGroup;
			children = (
				9C07F538291AE47000A3EF2A /* BinersDetectorTests.swift */,
			);
			path = BinersDetectorTests;
			sourceTree = "<group>";
		};
		9C07F541291AE47000A3EF2A /* BinersDetectorUITests */ = {
			isa = PBXGroup;
			children = (
				9C07F542291AE47000A3EF2A /* BinersDetectorUITests.swift */,
				9C07F544291AE47000A3EF2A /* BinersDetectorUITestsLaunchTests.swift */,
			);
			path = BinersDetectorUITests;
			sourceTree = "<group>";
		};
		9CD40448291B9AD2002A843F /* Model */ = {
			isa = PBXGroup;
			children = (
				9CD40449291B9AE5002A843F /* Biner.swift */,
				9CD4044B291B9DFE002A843F /* BinerType.swift */,
			);
			path = Model;
			sourceTree = "<group>";
		};
		9CD4044D291B9F2E002A843F /* Views */ = {
			isa = PBXGroup;
			children = (
				9CD40446291AEDBB002A843F /* ImagePicker.swift */,
				9CD4044E291B9F47002A843F /* BinerDetailsView.swift */,
				9CD40450291B9FF8002A843F /* Text+Extension.swift */,
				9CD40452291BA9B6002A843F /* AppButton.swift */,
				9CD40454291BB89E002A843F /* ReportWrongClasificationView.swift */,
			);
			path = Views;
			sourceTree = "<group>";
		};
		9CD40456291D89DA002A843F /* AI model */ = {
			isa = PBXGroup;
			children = (
				9CD4046029210203002A843F /* biners_MobileNetV2.mlmodel */,
				9CD4046429210C1C002A843F /* biners_MobileNetV2_1.mlmodel */,
				9CD4046229210392002A843F /* ClassifierManager.swift */,
				9CD4046629210F16002A843F /* UIImage+Extension.swift */,
				9CD4046829211AFD002A843F /* CGImage+CVPixelBuffer.swift */,
			);
			path = "AI model";
			sourceTree = "<group>";
		};
/* End PBXGroup section */

/* Begin PBXNativeTarget section */
		9C07F523291AE46E00A3EF2A /* BinersDetector */ = {
			isa = PBXNativeTarget;
			buildConfigurationList = 9C07F548291AE47000A3EF2A /* Build configuration list for PBXNativeTarget "BinersDetector" */;
			buildPhases = (
				9C07F520291AE46E00A3EF2A /* Sources */,
				9C07F521291AE46E00A3EF2A /* Frameworks */,
				9C07F522291AE46E00A3EF2A /* Resources */,
			);
			buildRules = (
			);
			dependencies = (
			);
			name = BinersDetector;
			productName = BinersDetector;
			productReference = 9C07F524291AE46E00A3EF2A /* BinersDetector.app */;
			productType = "com.apple.product-type.application";
		};
		9C07F533291AE47000A3EF2A /* BinersDetectorTests */ = {
			isa = PBXNativeTarget;
			buildConfigurationList = 9C07F54B291AE47000A3EF2A /* Build configuration list for PBXNativeTarget "BinersDetectorTests" */;
			buildPhases = (
				9C07F530291AE47000A3EF2A /* Sources */,
				9C07F531291AE47000A3EF2A /* Frameworks */,
				9C07F532291AE47000A3EF2A /* Resources */,
			);
			buildRules = (
			);
			dependencies = (
				9C07F536291AE47000A3EF2A /* PBXTargetDependency */,
			);
			name = BinersDetectorTests;
			productName = BinersDetectorTests;
			productReference = 9C07F534291AE47000A3EF2A /* BinersDetectorTests.xctest */;
			productType = "com.apple.product-type.bundle.unit-test";
		};
		9C07F53D291AE47000A3EF2A /* BinersDetectorUITests */ = {
			isa = PBXNativeTarget;
			buildConfigurationList = 9C07F54E291AE47000A3EF2A /* Build configuration list for PBXNativeTarget "BinersDetectorUITests" */;
			buildPhases = (
				9C07F53A291AE47000A3EF2A /* Sources */,
				9C07F53B291AE47000A3EF2A /* Frameworks */,
				9C07F53C291AE47000A3EF2A /* Resources */,
			);
			buildRules = (
			);
			dependencies = (
				9C07F540291AE47000A3EF2A /* PBXTargetDependency */,
			);
			name = BinersDetectorUITests;
			productName = BinersDetectorUITests;
			productReference = 9C07F53E291AE47000A3EF2A /* BinersDetectorUITests.xctest */;
			productType = "com.apple.product-type.bundle.ui-testing";
		};
/* End PBXNativeTarget section */

/* Begin PBXProject section */
		9C07F51C291AE46E00A3EF2A /* Project object */ = {
			isa = PBXProject;
			attributes = {
				BuildIndependentTargetsInParallel = 1;
				LastSwiftUpdateCheck = 1400;
				LastUpgradeCheck = 1400;
				TargetAttributes = {
					9C07F523291AE46E00A3EF2A = {
						CreatedOnToolsVersion = 14.0;
					};
					9C07F533291AE47000A3EF2A = {
						CreatedOnToolsVersion = 14.0;
						TestTargetID = 9C07F523291AE46E00A3EF2A;
					};
					9C07F53D291AE47000A3EF2A = {
						CreatedOnToolsVersion = 14.0;
						TestTargetID = 9C07F523291AE46E00A3EF2A;
					};
				};
			};
			buildConfigurationList = 9C07F51F291AE46E00A3EF2A /* Build configuration list for PBXProject "BinersDetector" */;
			compatibilityVersion = "Xcode 14.0";
			developmentRegion = en;
			hasScannedForEncodings = 0;
			knownRegions = (
				en,
				Base,
			);
			mainGroup = 9C07F51B291AE46E00A3EF2A;
			productRefGroup = 9C07F525291AE46E00A3EF2A /* Products */;
			projectDirPath = "";
			projectRoot = "";
			targets = (
				9C07F523291AE46E00A3EF2A /* BinersDetector */,
				9C07F533291AE47000A3EF2A /* BinersDetectorTests */,
				9C07F53D291AE47000A3EF2A /* BinersDetectorUITests */,
			);
		};
/* End PBXProject section */

/* Begin PBXResourcesBuildPhase section */
		9C07F522291AE46E00A3EF2A /* Resources */ = {
			isa = PBXResourcesBuildPhase;
			buildActionMask = 2147483647;
			files = (
				9C07F52F291AE46F00A3EF2A /* Preview Assets.xcassets in Resources */,
				9C07F52C291AE46F00A3EF2A /* Assets.xcassets in Resources */,
			);
			runOnlyForDeploymentPostprocessing = 0;
		};
		9C07F532291AE47000A3EF2A /* Resources */ = {
			isa = PBXResourcesBuildPhase;
			buildActionMask = 2147483647;
			files = (
			);
			runOnlyForDeploymentPostprocessing = 0;
		};
		9C07F53C291AE47000A3EF2A /* Resources */ = {
			isa = PBXResourcesBuildPhase;
			buildActionMask = 2147483647;
			files = (
			);
			runOnlyForDeploymentPostprocessing = 0;
		};
/* End PBXResourcesBuildPhase section */

/* Begin PBXSourcesBuildPhase section */
		9C07F520291AE46E00A3EF2A /* Sources */ = {
			isa = PBXSourcesBuildPhase;
			buildActionMask = 2147483647;
			files = (
				9CD4046729210F16002A843F /* UIImage+Extension.swift in Sources */,
				9CD40451291B9FF8002A843F /* Text+Extension.swift in Sources */,
				9CD4044F291B9F47002A843F /* BinerDetailsView.swift in Sources */,
				9CD40455291BB89E002A843F /* ReportWrongClasificationView.swift in Sources */,
				9C07F52A291AE46E00A3EF2A /* ContentView.swift in Sources */,
				9CD4044C291B9DFE002A843F /* BinerType.swift in Sources */,
				9CD4046529210C1C002A843F /* biners_MobileNetV2_1.mlmodel in Sources */,
				9CD4046929211AFD002A843F /* CGImage+CVPixelBuffer.swift in Sources */,
				9C07F528291AE46E00A3EF2A /* BinersDetectorApp.swift in Sources */,
				9CD4044A291B9AE5002A843F /* Biner.swift in Sources */,
				9CD4046129210203002A843F /* biners_MobileNetV2.mlmodel in Sources */,
				9CD4046329210392002A843F /* ClassifierManager.swift in Sources */,
				9CD40447291AEDBB002A843F /* ImagePicker.swift in Sources */,
				9CD40453291BA9B6002A843F /* AppButton.swift in Sources */,
			);
			runOnlyForDeploymentPostprocessing = 0;
		};
		9C07F530291AE47000A3EF2A /* Sources */ = {
			isa = PBXSourcesBuildPhase;
			buildActionMask = 2147483647;
			files = (
				9C07F539291AE47000A3EF2A /* BinersDetectorTests.swift in Sources */,
			);
			runOnlyForDeploymentPostprocessing = 0;
		};
		9C07F53A291AE47000A3EF2A /* Sources */ = {
			isa = PBXSourcesBuildPhase;
			buildActionMask = 2147483647;
			files = (
				9C07F543291AE47000A3EF2A /* BinersDetectorUITests.swift in Sources */,
				9C07F545291AE47000A3EF2A /* BinersDetectorUITestsLaunchTests.swift in Sources */,
			);
			runOnlyForDeploymentPostprocessing = 0;
		};
/* End PBXSourcesBuildPhase section */

/* Begin PBXTargetDependency section */
		9C07F536291AE47000A3EF2A /* PBXTargetDependency */ = {
			isa = PBXTargetDependency;
			target = 9C07F523291AE46E00A3EF2A /* BinersDetector */;
			targetProxy = 9C07F535291AE47000A3EF2A /* PBXContainerItemProxy */;
		};
		9C07F540291AE47000A3EF2A /* PBXTargetDependency */ = {
			isa = PBXTargetDependency;
			target = 9C07F523291AE46E00A3EF2A /* BinersDetector */;
			targetProxy = 9C07F53F291AE47000A3EF2A /* PBXContainerItemProxy */;
		};
/* End PBXTargetDependency section */

/* Begin XCBuildConfiguration section */
		9C07F546291AE47000A3EF2A /* Debug */ = {
			isa = XCBuildConfiguration;
			buildSettings = {
				ALWAYS_SEARCH_USER_PATHS = NO;
				CLANG_ANALYZER_NONNULL = YES;
				CLANG_ANALYZER_NUMBER_OBJECT_CONVERSION = YES_AGGRESSIVE;
				CLANG_CXX_LANGUAGE_STANDARD = "gnu++20";
				CLANG_ENABLE_MODULES = YES;
				CLANG_ENABLE_OBJC_ARC = YES;
				CLANG_ENABLE_OBJC_WEAK = YES;
				CLANG_WARN_BLOCK_CAPTURE_AUTORELEASING = YES;
				CLANG_WARN_BOOL_CONVERSION = YES;
				CLANG_WARN_COMMA = YES;
				CLANG_WARN_CONSTANT_CONVERSION = YES;
				CLANG_WARN_DEPRECATED_OBJC_IMPLEMENTATIONS = YES;
				CLANG_WARN_DIRECT_OBJC_ISA_USAGE = YES_ERROR;
				CLANG_WARN_DOCUMENTATION_COMMENTS = YES;
				CLANG_WARN_EMPTY_BODY = YES;
				CLANG_WARN_ENUM_CONVERSION = YES;
				CLANG_WARN_INFINITE_RECURSION = YES;
				CLANG_WARN_INT_CONVERSION = YES;
				CLANG_WARN_NON_LITERAL_NULL_CONVERSION = YES;
				CLANG_WARN_OBJC_IMPLICIT_RETAIN_SELF = YES;
				CLANG_WARN_OBJC_LITERAL_CONVERSION = YES;
				CLANG_WARN_OBJC_ROOT_CLASS = YES_ERROR;
				CLANG_WARN_QUOTED_INCLUDE_IN_FRAMEWORK_HEADER = YES;
				CLANG_WARN_RANGE_LOOP_ANALYSIS = YES;
				CLANG_WARN_STRICT_PROTOTYPES = YES;
				CLANG_WARN_SUSPICIOUS_MOVE = YES;
				CLANG_WARN_UNGUARDED_AVAILABILITY = YES_AGGRESSIVE;
				CLANG_WARN_UNREACHABLE_CODE = YES;
				CLANG_WARN__DUPLICATE_METHOD_MATCH = YES;
				COPY_PHASE_STRIP = NO;
				DEBUG_INFORMATION_FORMAT = dwarf;
				ENABLE_STRICT_OBJC_MSGSEND = YES;
				ENABLE_TESTABILITY = YES;
				GCC_C_LANGUAGE_STANDARD = gnu11;
				GCC_DYNAMIC_NO_PIC = NO;
				GCC_NO_COMMON_BLOCKS = YES;
				GCC_OPTIMIZATION_LEVEL = 0;
				GCC_PREPROCESSOR_DEFINITIONS = (
					"DEBUG=1",
					"$(inherited)",
				);
				GCC_WARN_64_TO_32_BIT_CONVERSION = YES;
				GCC_WARN_ABOUT_RETURN_TYPE = YES_ERROR;
				GCC_WARN_UNDECLARED_SELECTOR = YES;
				GCC_WARN_UNINITIALIZED_AUTOS = YES_AGGRESSIVE;
				GCC_WARN_UNUSED_FUNCTION = YES;
				GCC_WARN_UNUSED_VARIABLE = YES;
				IPHONEOS_DEPLOYMENT_TARGET = 16.0;
				MTL_ENABLE_DEBUG_INFO = INCLUDE_SOURCE;
				MTL_FAST_MATH = YES;
				ONLY_ACTIVE_ARCH = YES;
				SDKROOT = iphoneos;
				SWIFT_ACTIVE_COMPILATION_CONDITIONS = DEBUG;
				SWIFT_OPTIMIZATION_LEVEL = "-Onone";
			};
			name = Debug;
		};
		9C07F547291AE47000A3EF2A /* Release */ = {
			isa = XCBuildConfiguration;
			buildSettings = {
				ALWAYS_SEARCH_USER_PATHS = NO;
				CLANG_ANALYZER_NONNULL = YES;
				CLANG_ANALYZER_NUMBER_OBJECT_CONVERSION = YES_AGGRESSIVE;
				CLANG_CXX_LANGUAGE_STANDARD = "gnu++20";
				CLANG_ENABLE_MODULES = YES;
				CLANG_ENABLE_OBJC_ARC = YES;
				CLANG_ENABLE_OBJC_WEAK = YES;
				CLANG_WARN_BLOCK_CAPTURE_AUTORELEASING = YES;
				CLANG_WARN_BOOL_CONVERSION = YES;
				CLANG_WARN_COMMA = YES;
				CLANG_WARN_CONSTANT_CONVERSION = YES;
				CLANG_WARN_DEPRECATED_OBJC_IMPLEMENTATIONS = YES;
				CLANG_WARN_DIRECT_OBJC_ISA_USAGE = YES_ERROR;
				CLANG_WARN_DOCUMENTATION_COMMENTS = YES;
				CLANG_WARN_EMPTY_BODY = YES;
				CLANG_WARN_ENUM_CONVERSION = YES;
				CLANG_WARN_INFINITE_RECURSION = YES;
				CLANG_WARN_INT_CONVERSION = YES;
				CLANG_WARN_NON_LITERAL_NULL_CONVERSION = YES;
				CLANG_WARN_OBJC_IMPLICIT_RETAIN_SELF = YES;
				CLANG_WARN_OBJC_LITERAL_CONVERSION = YES;
				CLANG_WARN_OBJC_ROOT_CLASS = YES_ERROR;
				CLANG_WARN_QUOTED_INCLUDE_IN_FRAMEWORK_HEADER = YES;
				CLANG_WARN_RANGE_LOOP_ANALYSIS = YES;
				CLANG_WARN_STRICT_PROTOTYPES = YES;
				CLANG_WARN_SUSPICIOUS_MOVE = YES;
				CLANG_WARN_UNGUARDED_AVAILABILITY = YES_AGGRESSIVE;
				CLANG_WARN_UNREACHABLE_CODE = YES;
				CLANG_WARN__DUPLICATE_METHOD_MATCH = YES;
				COPY_PHASE_STRIP = NO;
				DEBUG_INFORMATION_FORMAT = "dwarf-with-dsym";
				ENABLE_NS_ASSERTIONS = NO;
				ENABLE_STRICT_OBJC_MSGSEND = YES;
				GCC_C_LANGUAGE_STANDARD = gnu11;
				GCC_NO_COMMON_BLOCKS = YES;
				GCC_WARN_64_TO_32_BIT_CONVERSION = YES;
				GCC_WARN_ABOUT_RETURN_TYPE = YES_ERROR;
				GCC_WARN_UNDECLARED_SELECTOR = YES;
				GCC_WARN_UNINITIALIZED_AUTOS = YES_AGGRESSIVE;
				GCC_WARN_UNUSED_FUNCTION = YES;
				GCC_WARN_UNUSED_VARIABLE = YES;
				IPHONEOS_DEPLOYMENT_TARGET = 16.0;
				MTL_ENABLE_DEBUG_INFO = NO;
				MTL_FAST_MATH = YES;
				SDKROOT = iphoneos;
				SWIFT_COMPILATION_MODE = wholemodule;
				SWIFT_OPTIMIZATION_LEVEL = "-O";
				VALIDATE_PRODUCT = YES;
			};
			name = Release;
		};
		9C07F549291AE47000A3EF2A /* Debug */ = {
			isa = XCBuildConfiguration;
			buildSettings = {
				ASSETCATALOG_COMPILER_APPICON_NAME = AppIcon;
				ASSETCATALOG_COMPILER_GLOBAL_ACCENT_COLOR_NAME = AccentColor;
				CODE_SIGN_STYLE = Automatic;
				CURRENT_PROJECT_VERSION = 1;
				DEVELOPMENT_ASSET_PATHS = "\"BinersDetector/Preview Content\"";
				DEVELOPMENT_TEAM = QWLCSKP63R;
				ENABLE_PREVIEWS = YES;
				GENERATE_INFOPLIST_FILE = YES;
				INFOPLIST_KEY_NSCameraUsageDescription = "";
				INFOPLIST_KEY_UIApplicationSceneManifest_Generation = YES;
				INFOPLIST_KEY_UIApplicationSupportsIndirectInputEvents = YES;
				INFOPLIST_KEY_UILaunchScreen_Generation = YES;
				INFOPLIST_KEY_UISupportedInterfaceOrientations = UIInterfaceOrientationPortrait;
				INFOPLIST_KEY_UISupportedInterfaceOrientations_iPad = "UIInterfaceOrientationLandscapeLeft UIInterfaceOrientationLandscapeRight UIInterfaceOrientationPortrait UIInterfaceOrientationPortraitUpsideDown";
				LD_RUNPATH_SEARCH_PATHS = (
					"$(inherited)",
					"@executable_path/Frameworks",
				);
				MARKETING_VERSION = 1.0;
				PRODUCT_BUNDLE_IDENTIFIER = ubb.BinersDetector;
				PRODUCT_NAME = "$(TARGET_NAME)";
				SWIFT_EMIT_LOC_STRINGS = YES;
				SWIFT_VERSION = 5.0;
				TARGETED_DEVICE_FAMILY = "1,2";
			};
			name = Debug;
		};
		9C07F54A291AE47000A3EF2A /* Release */ = {
			isa = XCBuildConfiguration;
			buildSettings = {
				ASSETCATALOG_COMPILER_APPICON_NAME = AppIcon;
				ASSETCATALOG_COMPILER_GLOBAL_ACCENT_COLOR_NAME = AccentColor;
				CODE_SIGN_STYLE = Automatic;
				CURRENT_PROJECT_VERSION = 1;
				DEVELOPMENT_ASSET_PATHS = "\"BinersDetector/Preview Content\"";
				DEVELOPMENT_TEAM = QWLCSKP63R;
				ENABLE_PREVIEWS = YES;
				GENERATE_INFOPLIST_FILE = YES;
				INFOPLIST_KEY_NSCameraUsageDescription = "";
				INFOPLIST_KEY_UIApplicationSceneManifest_Generation = YES;
				INFOPLIST_KEY_UIApplicationSupportsIndirectInputEvents = YES;
				INFOPLIST_KEY_UILaunchScreen_Generation = YES;
				INFOPLIST_KEY_UISupportedInterfaceOrientations = UIInterfaceOrientationPortrait;
				INFOPLIST_KEY_UISupportedInterfaceOrientations_iPad = "UIInterfaceOrientationLandscapeLeft UIInterfaceOrientationLandscapeRight UIInterfaceOrientationPortrait UIInterfaceOrientationPortraitUpsideDown";
				LD_RUNPATH_SEARCH_PATHS = (
					"$(inherited)",
					"@executable_path/Frameworks",
				);
				MARKETING_VERSION = 1.0;
				PRODUCT_BUNDLE_IDENTIFIER = ubb.BinersDetector;
				PRODUCT_NAME = "$(TARGET_NAME)";
				SWIFT_EMIT_LOC_STRINGS = YES;
				SWIFT_VERSION = 5.0;
				TARGETED_DEVICE_FAMILY = "1,2";
			};
			name = Release;
		};
		9C07F54C291AE47000A3EF2A /* Debug */ = {
			isa = XCBuildConfiguration;
			buildSettings = {
				ALWAYS_EMBED_SWIFT_STANDARD_LIBRARIES = YES;
				BUNDLE_LOADER = "$(TEST_HOST)";
				CODE_SIGN_STYLE = Automatic;
				CURRENT_PROJECT_VERSION = 1;
				GENERATE_INFOPLIST_FILE = YES;
				IPHONEOS_DEPLOYMENT_TARGET = 16.0;
				MARKETING_VERSION = 1.0;
				PRODUCT_BUNDLE_IDENTIFIER = ubb.BinersDetectorTests;
				PRODUCT_NAME = "$(TARGET_NAME)";
				SWIFT_EMIT_LOC_STRINGS = NO;
				SWIFT_VERSION = 5.0;
				TARGETED_DEVICE_FAMILY = "1,2";
				TEST_HOST = "$(BUILT_PRODUCTS_DIR)/BinersDetector.app/$(BUNDLE_EXECUTABLE_FOLDER_PATH)/BinersDetector";
			};
			name = Debug;
		};
		9C07F54D291AE47000A3EF2A /* Release */ = {
			isa = XCBuildConfiguration;
			buildSettings = {
				ALWAYS_EMBED_SWIFT_STANDARD_LIBRARIES = YES;
				BUNDLE_LOADER = "$(TEST_HOST)";
				CODE_SIGN_STYLE = Automatic;
				CURRENT_PROJECT_VERSION = 1;
				GENERATE_INFOPLIST_FILE = YES;
				IPHONEOS_DEPLOYMENT_TARGET = 16.0;
				MARKETING_VERSION = 1.0;
				PRODUCT_BUNDLE_IDENTIFIER = ubb.BinersDetectorTests;
				PRODUCT_NAME = "$(TARGET_NAME)";
				SWIFT_EMIT_LOC_STRINGS = NO;
				SWIFT_VERSION = 5.0;
				TARGETED_DEVICE_FAMILY = "1,2";
				TEST_HOST = "$(BUILT_PRODUCTS_DIR)/BinersDetector.app/$(BUNDLE_EXECUTABLE_FOLDER_PATH)/BinersDetector";
			};
			name = Release;
		};
		9C07F54F291AE47000A3EF2A /* Debug */ = {
			isa = XCBuildConfiguration;
			buildSettings = {
				ALWAYS_EMBED_SWIFT_STANDARD_LIBRARIES = YES;
				CODE_SIGN_STYLE = Automatic;
				CURRENT_PROJECT_VERSION = 1;
				GENERATE_INFOPLIST_FILE = YES;
				MARKETING_VERSION = 1.0;
				PRODUCT_BUNDLE_IDENTIFIER = ubb.BinersDetectorUITests;
				PRODUCT_NAME = "$(TARGET_NAME)";
				SWIFT_EMIT_LOC_STRINGS = NO;
				SWIFT_VERSION = 5.0;
				TARGETED_DEVICE_FAMILY = "1,2";
				TEST_TARGET_NAME = BinersDetector;
			};
			name = Debug;
		};
		9C07F550291AE47000A3EF2A /* Release */ = {
			isa = XCBuildConfiguration;
			buildSettings = {
				ALWAYS_EMBED_SWIFT_STANDARD_LIBRARIES = YES;
				CODE_SIGN_STYLE = Automatic;
				CURRENT_PROJECT_VERSION = 1;
				GENERATE_INFOPLIST_FILE = YES;
				MARKETING_VERSION = 1.0;
				PRODUCT_BUNDLE_IDENTIFIER = ubb.BinersDetectorUITests;
				PRODUCT_NAME = "$(TARGET_NAME)";
				SWIFT_EMIT_LOC_STRINGS = NO;
				SWIFT_VERSION = 5.0;
				TARGETED_DEVICE_FAMILY = "1,2";
				TEST_TARGET_NAME = BinersDetector;
			};
			name = Release;
		};
/* End XCBuildConfiguration section */

/* Begin XCConfigurationList section */
		9C07F51F291AE46E00A3EF2A /* Build configuration list for PBXProject "BinersDetector" */ = {
			isa = XCConfigurationList;
			buildConfigurations = (
				9C07F546291AE47000A3EF2A /* Debug */,
				9C07F547291AE47000A3EF2A /* Release */,
			);
			defaultConfigurationIsVisible = 0;
			defaultConfigurationName = Release;
		};
		9C07F548291AE47000A3EF2A /* Build configuration list for PBXNativeTarget "BinersDetector" */ = {
			isa = XCConfigurationList;
			buildConfigurations = (
				9C07F549291AE47000A3EF2A /* Debug */,
				9C07F54A291AE47000A3EF2A /* Release */,
			);
			defaultConfigurationIsVisible = 0;
			defaultConfigurationName = Release;
		};
		9C07F54B291AE47000A3EF2A /* Build configuration list for PBXNativeTarget "BinersDetectorTests" */ = {
			isa = XCConfigurationList;
			buildConfigurations = (
				9C07F54C291AE47000A3EF2A /* Debug */,
				9C07F54D291AE47000A3EF2A /* Release */,
			);
			defaultConfigurationIsVisible = 0;
			defaultConfigurationName = Release;
		};
		9C07F54E291AE47000A3EF2A /* Build configuration list for PBXNativeTarget "BinersDetectorUITests" */ = {
			isa = XCConfigurationList;
			buildConfigurations = (
				9C07F54F291AE47000A3EF2A /* Debug */,
				9C07F550291AE47000A3EF2A /* Release */,
			);
			defaultConfigurationIsVisible = 0;
			defaultConfigurationName = Release;
		};
/* End XCConfigurationList section */
	};
	rootObject = 9C07F51C291AE46E00A3EF2A /* Project object */;
}
